
Microsoft Visual Studio Solution File, Format Version 12.00
# Visual Studio Version 16
VisualStudioVersion = 16.0.34114.132
MinimumVisualStudioVersion = 10.0.40219.1
Project("{FAE04EC0-301F-11D3-BF4B-00C04F79EFBC}") = "projeto_tabelas", "projeto_tabelas\projeto_tabelas.csproj", "{D7E667A0-75D4-48CE-9E4C-03A4445867F1}"
EndProject
Global
	GlobalSection(SolutionConfigurationPlatforms) = preSolution
		Debug|Any CPU = Debug|Any CPU
		Release|Any CPU = Release|Any CPU
	EndGlobalSection
	GlobalSection(ProjectConfigurationPlatforms) = postSolution
		{D7E667A0-75D4-48CE-9E4C-03A4445867F1}.Debug|Any CPU.ActiveCfg = Debug|Any CPU
		{D7E667A0-75D4-48CE-9E4C-03A4445867F1}.Debug|Any CPU.Build.0 = Debug|Any CPU
		{D7E667A0-75D4-48CE-9E4C-03A4445867F1}.Release|Any CPU.ActiveCfg = Release|Any CPU
		{D7E667A0-75D4-48CE-9E4C-03A4445867F1}.Release|Any CPU.Build.0 = Release|Any CPU
	EndGlobalSection
	GlobalSection(SolutionProperties) = preSolution
		HideSolutionNode = FALSE
	EndGlobalSection
	GlobalSection(ExtensibilityGlobals) = postSolution
		SolutionGuid = {BCBC6276-A77A-4957-99DD-023B713E4294}
	EndGlobalSection
EndGlobal
